
Microsoft Visual Studio Solution File, Format Version 9.00
# Visual Studio 2005
Project("{FAE04EC0-301F-11D3-BF4B-00C04F79EFBC}") = "CuteRegexTool", "正则表达式验证\CuteRegexTool.csproj", "{7564B91B-6549-4AB1-BD57-56BA5180B6E1}"
	ProjectSection(WebsiteProperties) = preProject
		Debug.AspNetCompiler.Debug = "True"
		Release.AspNetCompiler.Debug = "False"
	EndProjectSection
EndProject
Global
	GlobalSection(SolutionConfigurationPlatforms) = preSolution
		Debug|Any CPU = Debug|Any CPU
		Release|Any CPU = Release|Any CPU
	EndGlobalSection
	GlobalSection(ProjectConfigurationPlatforms) = postSolution
		{7564B91B-6549-4AB1-BD57-56BA5180B6E1}.Debug|Any CPU.ActiveCfg = Debug|Any CPU
		{7564B91B-6549-4AB1-BD57-56BA5180B6E1}.Debug|Any CPU.Build.0 = Debug|Any CPU
		{7564B91B-6549-4AB1-BD57-56BA5180B6E1}.Release|Any CPU.ActiveCfg = Release|Any CPU
		{7564B91B-6549-4AB1-BD57-56BA5180B6E1}.Release|Any CPU.Build.0 = Release|Any CPU
	EndGlobalSection
	GlobalSection(SolutionProperties) = preSolution
		HideSolutionNode = FALSE
	EndGlobalSection
EndGlobal
